// !$*UTF8*$!
{
	archiveVersion = 1;
	classes = {
	};
	objectVersion = 46;
	objects = {

/* Begin PBXBuildFile section */
		968076CD1B8503DA009378F0 /* AppDelegate.swift in Sources */ = {isa = PBXBuildFile; fileRef = 968076CC1B8503DA009378F0 /* AppDelegate.swift */; };
		968076D01B8503DA009378F0 /* Blog_Reader.xcdatamodeld in Sources */ = {isa = PBXBuildFile; fileRef = 968076CE1B8503DA009378F0 /* Blog_Reader.xcdatamodeld */; };
		968076D21B8503DA009378F0 /* MasterViewController.swift in Sources */ = {isa = PBXBuildFile; fileRef = 968076D11B8503DA009378F0 /* MasterViewController.swift */; };
		968076D41B8503DA009378F0 /* DetailViewController.swift in Sources */ = {isa = PBXBuildFile; fileRef = 968076D31B8503DA009378F0 /* DetailViewController.swift */; };
		968076D71B8503DA009378F0 /* Main.storyboard in Resources */ = {isa = PBXBuildFile; fileRef = 968076D51B8503DA009378F0 /* Main.storyboard */; };
		968076D91B8503DA009378F0 /* Assets.xcassets in Resources */ = {isa = PBXBuildFile; fileRef = 968076D81B8503DA009378F0 /* Assets.xcassets */; };
		968076DC1B8503DA009378F0 /* LaunchScreen.storyboard in Resources */ = {isa = PBXBuildFile; fileRef = 968076DA1B8503DA009378F0 /* LaunchScreen.storyboard */; };
/* End PBXBuildFile section */

/* Begin PBXFileReference section */
		968076C91B8503DA009378F0 /* Blog Reader.app */ = {isa = PBXFileReference; explicitFileType = wrapper.application; includeInIndex = 0; path = "Blog Reader.app"; sourceTree = BUILT_PRODUCTS_DIR; };
		968076CC1B8503DA009378F0 /* AppDelegate.swift */ = {isa = PBXFileReference; lastKnownFileType = sourcecode.swift; path = AppDelegate.swift; sourceTree = "<group>"; };
		968076CF1B8503DA009378F0 /* Blog_Reader.xcdatamodel */ = {isa = PBXFileReference; lastKnownFileType = wrapper.xcdatamodel; path = Blog_Reader.xcdatamodel; sourceTree = "<group>"; };
		968076D11B8503DA009378F0 /* MasterViewController.swift */ = {isa = PBXFileReference; lastKnownFileType = sourcecode.swift; path = MasterViewController.swift; sourceTree = "<group>"; };
		968076D31B8503DA009378F0 /* DetailViewController.swift */ = {isa = PBXFileReference; lastKnownFileType = sourcecode.swift; path = DetailViewController.swift; sourceTree = "<group>"; };
		968076D61B8503DA009378F0 /* Base */ = {isa = PBXFileReference; lastKnownFileType = file.storyboard; name = Base; path = Base.lproj/Main.storyboard; sourceTree = "<group>"; };
		968076D81B8503DA009378F0 /* Assets.xcassets */ = {isa = PBXFileReference; lastKnownFileType = folder.assetcatalog; path = Assets.xcassets; sourceTree = "<group>"; };
		968076DB1B8503DA009378F0 /* Base */ = {isa = PBXFileReference; lastKnownFileType = file.storyboard; name = Base; path = Base.lproj/LaunchScreen.storyboard; sourceTree = "<group>"; };
		968076DD1B8503DA009378F0 /* Info.plist */ = {isa = PBXFileReference; lastKnownFileType = text.plist.xml; path = Info.plist; sourceTree = "<group>"; };
/* End PBXFileReference section */

/* Begin PBXFrameworksBuildPhase section */
		968076C61B8503DA009378F0 /* Frameworks */ = {
			isa = PBXFrameworksBuildPhase;
			buildActionMask = 2147483647;
			files = (
			);
			runOnlyForDeploymentPostprocessing = 0;
		};
/* End PBXFrameworksBuildPhase section */

/* Begin PBXGroup section */
		968076C01B8503DA009378F0 = {
			isa = PBXGroup;
			children = (
				968076CB1B8503DA009378F0 /* Blog Reader */,
				968076CA1B8503DA009378F0 /* Products */,
			);
			sourceTree = "<group>";
		};
		968076CA1B8503DA009378F0 /* Products */ = {
			isa = PBXGroup;
			children = (
				968076C91B8503DA009378F0 /* Blog Reader.app */,
			);
			name = Products;
			sourceTree = "<group>";
		};
		968076CB1B8503DA009378F0 /* Blog Reader */ = {
			isa = PBXGroup;
			children = (
				968076CC1B8503DA009378F0 /* AppDelegate.swift */,
				968076D11B8503DA009378F0 /* MasterViewController.swift */,
				968076D31B8503DA009378F0 /* DetailViewController.swift */,
				968076D51B8503DA009378F0 /* Main.storyboard */,
				968076D81B8503DA009378F0 /* Assets.xcassets */,
				968076DA1B8503DA009378F0 /* LaunchScreen.storyboard */,
				968076DD1B8503DA009378F0 /* Info.plist */,
				968076CE1B8503DA009378F0 /* Blog_Reader.xcdatamodeld */,
			);
			path = "Blog Reader";
			sourceTree = "<group>";
		};
/* End PBXGroup section */

/* Begin PBXNativeTarget section */
		968076C81B8503DA009378F0 /* Blog Reader */ = {
			isa = PBXNativeTarget;
			buildConfigurationList = 968076E01B8503DA009378F0 /* Build configuration list for PBXNativeTarget "Blog Reader" */;
			buildPhases = (
				968076C51B8503DA009378F0 /* Sources */,
				968076C61B8503DA009378F0 /* Frameworks */,
				968076C71B8503DA009378F0 /* Resources */,
			);
			buildRules = (
			);
			dependencies = (
			);
			name = "Blog Reader";
			productName = "Blog Reader";
			productReference = 968076C91B8503DA009378F0 /* Blog Reader.app */;
			productType = "com.apple.product-type.application";
		};
/* End PBXNativeTarget section */

/* Begin PBXProject section */
		968076C11B8503DA009378F0 /* Project object */ = {
			isa = PBXProject;
			attributes = {
				LastUpgradeCheck = 0700;
				ORGANIZATIONNAME = "Jason Wong";
				TargetAttributes = {
					968076C81B8503DA009378F0 = {
						CreatedOnToolsVersion = 7.0;
					};
				};
			};
			buildConfigurationList = 968076C41B8503DA009378F0 /* Build configuration list for PBXProject "Blog Reader" */;
			compatibilityVersion = "Xcode 3.2";
			developmentRegion = English;
			hasScannedForEncodings = 0;
			knownRegions = (
				en,
				Base,
			);
			mainGroup = 968076C01B8503DA009378F0;
			productRefGroup = 968076CA1B8503DA009378F0 /* Products */;
			projectDirPath = "";
			projectRoot = "";
			targets = (
				968076C81B8503DA009378F0 /* Blog Reader */,
			);
		};
/* End PBXProject section */

/* Begin PBXResourcesBuildPhase section */
		968076C71B8503DA009378F0 /* Resources */ = {
			isa = PBXResourcesBuildPhase;
			buildActionMask = 2147483647;
			files = (
				968076DC1B8503DA009378F0 /* LaunchScreen.storyboard in Resources */,
				968076D91B8503DA009378F0 /* Assets.xcassets in Resources */,
				968076D71B8503DA009378F0 /* Main.storyboard in Resources */,
			);
			runOnlyForDeploymentPostprocessing = 0;
		};
/* End PBXResourcesBuildPhase section */

/* Begin PBXSourcesBuildPhase section */
		968076C51B8503DA009378F0 /* Sources */ = {
			isa = PBXSourcesBuildPhase;
			buildActionMask = 2147483647;
			files = (
				968076D01B8503DA009378F0 /* Blog_Reader.xcdatamodeld in Sources */,
				968076CD1B8503DA009378F0 /* AppDelegate.swift in Sources */,
				968076D21B8503DA009378F0 /* MasterViewController.swift in Sources */,
				968076D41B8503DA009378F0 /* DetailViewController.swift in Sources */,
			);
			runOnlyForDeploymentPostprocessing = 0;
		};
/* End PBXSourcesBuildPhase section */

/* Begin PBXVariantGroup section */
		968076D51B8503DA009378F0 /* Main.storyboard */ = {
			isa = PBXVariantGroup;
			children = (
				968076D61B8503DA009378F0 /* Base */,
			);
			name = Main.storyboard;
			sourceTree = "<group>";
		};
		968076DA1B8503DA009378F0 /* LaunchScreen.storyboard */ = {
			isa = PBXVariantGroup;
			children = (
				968076DB1B8503DA009378F0 /* Base */,
			);
			name = LaunchScreen.storyboard;
			sourceTree = "<group>";
		};
/* End PBXVariantGroup section */

/* Begin XCBuildConfiguration section */
		968076DE1B8503DA009378F0 /* Debug */ = {
			isa = XCBuildConfiguration;
			buildSettings = {
				ALWAYS_SEARCH_USER_PATHS = NO;
				CLANG_CXX_LANGUAGE_STANDARD = "gnu++0x";
				CLANG_CXX_LIBRARY = "libc++";
				CLANG_ENABLE_MODULES = YES;
				CLANG_ENABLE_OBJC_ARC = YES;
				CLANG_WARN_BOOL_CONVERSION = YES;
				CLANG_WARN_CONSTANT_CONVERSION = YES;
				CLANG_WARN_DIRECT_OBJC_ISA_USAGE = YES_ERROR;
				CLANG_WARN_EMPTY_BODY = YES;
				CLANG_WARN_ENUM_CONVERSION = YES;
				CLANG_WARN_INT_CONVERSION = YES;
				CLANG_WARN_OBJC_ROOT_CLASS = YES_ERROR;
				CLANG_WARN_UNREACHABLE_CODE = YES;
				CLANG_WARN__DUPLICATE_METHOD_MATCH = YES;
				"CODE_SIGN_IDENTITY[sdk=iphoneos*]" = "iPhone Developer";
				COPY_PHASE_STRIP = NO;
				DEBUG_INFORMATION_FORMAT = dwarf;
				ENABLE_STRICT_OBJC_MSGSEND = YES;
				ENABLE_TESTABILITY = YES;
				GCC_C_LANGUAGE_STANDARD = gnu99;
				GCC_DYNAMIC_NO_PIC = NO;
				GCC_NO_COMMON_BLOCKS = YES;
				GCC_OPTIMIZATION_LEVEL = 0;
				GCC_PREPROCESSOR_DEFINITIONS = (
					"DEBUG=1",
					"$(inherited)",
				);
				GCC_WARN_64_TO_32_BIT_CONVERSION = YES;
				GCC_WARN_ABOUT_RETURN_TYPE = YES_ERROR;
				GCC_WARN_UNDECLARED_SELECTOR = YES;
				GCC_WARN_UNINITIALIZED_AUTOS = YES_AGGRESSIVE;
				GCC_WARN_UNUSED_FUNCTION = YES;
				GCC_WARN_UNUSED_VARIABLE = YES;
				IPHONEOS_DEPLOYMENT_TARGET = 9.0;
				MTL_ENABLE_DEBUG_INFO = YES;
				ONLY_ACTIVE_ARCH = YES;
				SDKROOT = iphoneos;
				SWIFT_OPTIMIZATION_LEVEL = "-Onone";
				TARGETED_DEVICE_FAMILY = "1,2";
			};
			name = Debug;
		};
		968076DF1B8503DA009378F0 /* Release */ = {
			isa = XCBuildConfiguration;
			buildSettings = {
				ALWAYS_SEARCH_USER_PATHS = NO;
				CLANG_CXX_LANGUAGE_STANDARD = "gnu++0x";
				CLANG_CXX_LIBRARY = "libc++";
				CLANG_ENABLE_MODULES = YES;
				CLANG_ENABLE_OBJC_ARC = YES;
				CLANG_WARN_BOOL_CONVERSION = YES;
				CLANG_WARN_CONSTANT_CONVERSION = YES;
				CLANG_WARN_DIRECT_OBJC_ISA_USAGE = YES_ERROR;
				CLANG_WARN_EMPTY_BODY = YES;
				CLANG_WARN_ENUM_CONVERSION = YES;
				CLANG_WARN_INT_CONVERSION = YES;
				CLANG_WARN_OBJC_ROOT_CLASS = YES_ERROR;
				CLANG_WARN_UNREACHABLE_CODE = YES;
				CLANG_WARN__DUPLICATE_METHOD_MATCH = YES;
				"CODE_SIGN_IDENTITY[sdk=iphoneos*]" = "iPhone Developer";
				COPY_PHASE_STRIP = NO;
				DEBUG_INFORMATION_FORMAT = "dwarf-with-dsym";
				ENABLE_NS_ASSERTIONS = NO;
				ENABLE_STRICT_OBJC_MSGSEND = YES;
				GCC_C_LANGUAGE_STANDARD = gnu99;
				GCC_NO_COMMON_BLOCKS = YES;
				GCC_WARN_64_TO_32_BIT_CONVERSION = YES;
				GCC_WARN_ABOUT_RETURN_TYPE = YES_ERROR;
				GCC_WARN_UNDECLARED_SELECTOR = YES;
				GCC_WARN_UNINITIALIZED_AUTOS = YES_AGGRESSIVE;
				GCC_WARN_UNUSED_FUNCTION = YES;
				GCC_WARN_UNUSED_VARIABLE = YES;
				IPHONEOS_DEPLOYMENT_TARGET = 9.0;
				MTL_ENABLE_DEBUG_INFO = NO;
				SDKROOT = iphoneos;
				TARGETED_DEVICE_FAMILY = "1,2";
				VALIDATE_PRODUCT = YES;
			};
			name = Release;
		};
		968076E11B8503DA009378F0 /* Debug */ = {
			isa = XCBuildConfiguration;
			buildSettings = {
				ASSETCATALOG_COMPILER_APPICON_NAME = AppIcon;
				INFOPLIST_FILE = "Blog Reader/Info.plist";
				LD_RUNPATH_SEARCH_PATHS = "$(inherited) @executable_path/Frameworks";
				PRODUCT_BUNDLE_IDENTIFIER = "com.jasonw.Blog-Reader";
				PRODUCT_NAME = "$(TARGET_NAME)";
			};
			name = Debug;
		};
		968076E21B8503DA009378F0 /* Release */ = {
			isa = XCBuildConfiguration;
			buildSettings = {
				ASSETCATALOG_COMPILER_APPICON_NAME = AppIcon;
				INFOPLIST_FILE = "Blog Reader/Info.plist";
				LD_RUNPATH_SEARCH_PATHS = "$(inherited) @executable_path/Frameworks";
				PRODUCT_BUNDLE_IDENTIFIER = "com.jasonw.Blog-Reader";
				PRODUCT_NAME = "$(TARGET_NAME)";
			};
			name = Release;
		};
/* End XCBuildConfiguration section */

/* Begin XCConfigurationList section */
		968076C41B8503DA009378F0 /* Build configuration list for PBXProject "Blog Reader" */ = {
			isa = XCConfigurationList;
			buildConfigurations = (
				968076DE1B8503DA009378F0 /* Debug */,
				968076DF1B8503DA009378F0 /* Release */,
			);
			defaultConfigurationIsVisible = 0;
			defaultConfigurationName = Release;
		};
		968076E01B8503DA009378F0 /* Build configuration list for PBXNativeTarget "Blog Reader" */ = {
			isa = XCConfigurationList;
			buildConfigurations = (
				968076E11B8503DA009378F0 /* Debug */,
				968076E21B8503DA009378F0 /* Release */,
			);
			defaultConfigurationIsVisible = 0;
		};
/* End XCConfigurationList section */

/* Begin XCVersionGroup section */
		968076CE1B8503DA009378F0 /* Blog_Reader.xcdatamodeld */ = {
			isa = XCVersionGroup;
			children = (
				968076CF1B8503DA009378F0 /* Blog_Reader.xcdatamodel */,
			);
			currentVersion = 968076CF1B8503DA009378F0 /* Blog_Reader.xcdatamodel */;
			path = Blog_Reader.xcdatamodeld;
			sourceTree = "<group>";
			versionGroupType = wrapper.xcdatamodel;
		};
/* End XCVersionGroup section */
	};
	rootObject = 968076C11B8503DA009378F0 /* Project object */;
}
